{
  "name": "lite-nodejs-test-player",
  "version": "1.0.0",
  "lockfileVersion": 3,
  "requires": true,
  "packages": {
    "": {
      "name": "lite-nodejs-test-player",
      "version": "1.0.0",
      "dependencies": {
        "bsdk-domless": "github:NielsenDigitalSDK/bsdk-domless#develop",
        "readline": "^1.3.0"
      }
    },
    "node_modules/bsdk-domless": {
      "version": "0.1.5",
      "resolved": "git+ssh://git@github.com/NielsenDigitalSDK/bsdk-domless.git#27a2407da71254e27876e87aa217755bcb2cf652"
    },
    "node_modules/readline": {
      "version": "1.3.0",
      "resolved": "https://registry.npmjs.org/readline/-/readline-1.3.0.tgz",
      "integrity": "sha512-k2d6ACCkiNYz222Fs/iNze30rRJ1iIicW7JuX/7/cozvih6YCkFZH+J6mAFDVgv0dRBaAyr4jDqC95R2y4IADg=="
    }
  }
}
